
Microsoft Visual Studio Solution File, Format Version 12.00
# Visual Studio Version 17
VisualStudioVersion = 17.14.37216.2 d17.14
MinimumVisualStudioVersion = 10.0.40219.1
Project("{FAE04EC0-301F-11D3-BF4B-00C04F79EFBC}") = "Imperatle.Api", "Imperatle.Api.csproj", "{B0609116-B480-4440-0A69-9B8AAD53AB89}"
EndProject
Global
	GlobalSection(SolutionConfigurationPlatforms) = preSolution
		Debug|Any CPU = Debug|Any CPU
		Release|Any CPU = Release|Any CPU
	EndGlobalSection
	GlobalSection(ProjectConfigurationPlatforms) = postSolution
		{B0609116-B480-4440-0A69-9B8AAD53AB89}.Debug|Any CPU.ActiveCfg = Debug|Any CPU
		{B0609116-B480-4440-0A69-9B8AAD53AB89}.Debug|Any CPU.Build.0 = Debug|Any CPU
		{B0609116-B480-4440-0A69-9B8AAD53AB89}.Release|Any CPU.ActiveCfg = Release|Any CPU
		{B0609116-B480-4440-0A69-9B8AAD53AB89}.Release|Any CPU.Build.0 = Release|Any CPU
	EndGlobalSection
	GlobalSection(SolutionProperties) = preSolution
		HideSolutionNode = FALSE
	EndGlobalSection
	GlobalSection(ExtensibilityGlobals) = postSolution
		SolutionGuid = {5E9C13F8-071D-412E-A1D7-3BAAAD19C0FB}
	EndGlobalSection
EndGlobal
