
Microsoft Visual Studio Solution File, Format Version 12.00
# Visual Studio Version 17
VisualStudioVersion = 17.14.37216.2
MinimumVisualStudioVersion = 10.0.40219.1
Project("{FAE04EC0-301F-11D3-BF4B-00C04F79EFBC}") = "Imperatle.Api", "Imperatle.Api.csproj", "{B0609116-B480-4440-0A69-9B8AAD53AB89}"
EndProject
Project("{FAE04EC0-301F-11D3-BF4B-00C04F79EFBC}") = "Imperatle.Api.Tests", "..\..\tests\Imperatle.Api.Tests\Imperatle.Api.Tests.csproj", "{883D0E83-876B-437C-82D7-0E1D8C63CBFD}"
EndProject
Global
	GlobalSection(SolutionConfigurationPlatforms) = preSolution
		Debug|Any CPU = Debug|Any CPU
		Debug|x64 = Debug|x64
		Debug|x86 = Debug|x86
		Release|Any CPU = Release|Any CPU
		Release|x64 = Release|x64
		Release|x86 = Release|x86
	EndGlobalSection
	GlobalSection(ProjectConfigurationPlatforms) = postSolution
		{B0609116-B480-4440-0A69-9B8AAD53AB89}.Debug|Any CPU.ActiveCfg = Debug|Any CPU
		{B0609116-B480-4440-0A69-9B8AAD53AB89}.Debug|Any CPU.Build.0 = Debug|Any CPU
		{B0609116-B480-4440-0A69-9B8AAD53AB89}.Debug|x64.ActiveCfg = Debug|Any CPU
		{B0609116-B480-4440-0A69-9B8AAD53AB89}.Debug|x64.Build.0 = Debug|Any CPU
		{B0609116-B480-4440-0A69-9B8AAD53AB89}.Debug|x86.ActiveCfg = Debug|Any CPU
		{B0609116-B480-4440-0A69-9B8AAD53AB89}.Debug|x86.Build.0 = Debug|Any CPU
		{B0609116-B480-4440-0A69-9B8AAD53AB89}.Release|Any CPU.ActiveCfg = Release|Any CPU
		{B0609116-B480-4440-0A69-9B8AAD53AB89}.Release|Any CPU.Build.0 = Release|Any CPU
		{B0609116-B480-4440-0A69-9B8AAD53AB89}.Release|x64.ActiveCfg = Release|Any CPU
		{B0609116-B480-4440-0A69-9B8AAD53AB89}.Release|x64.Build.0 = Release|Any CPU
		{B0609116-B480-4440-0A69-9B8AAD53AB89}.Release|x86.ActiveCfg = Release|Any CPU
		{B0609116-B480-4440-0A69-9B8AAD53AB89}.Release|x86.Build.0 = Release|Any CPU
		{883D0E83-876B-437C-82D7-0E1D8C63CBFD}.Debug|Any CPU.ActiveCfg = Debug|Any CPU
		{883D0E83-876B-437C-82D7-0E1D8C63CBFD}.Debug|Any CPU.Build.0 = Debug|Any CPU
		{883D0E83-876B-437C-82D7-0E1D8C63CBFD}.Debug|x64.ActiveCfg = Debug|Any CPU
		{883D0E83-876B-437C-82D7-0E1D8C63CBFD}.Debug|x64.Build.0 = Debug|Any CPU
		{883D0E83-876B-437C-82D7-0E1D8C63CBFD}.Debug|x86.ActiveCfg = Debug|Any CPU
		{883D0E83-876B-437C-82D7-0E1D8C63CBFD}.Debug|x86.Build.0 = Debug|Any CPU
		{883D0E83-876B-437C-82D7-0E1D8C63CBFD}.Release|Any CPU.ActiveCfg = Release|Any CPU
		{883D0E83-876B-437C-82D7-0E1D8C63CBFD}.Release|Any CPU.Build.0 = Release|Any CPU
		{883D0E83-876B-437C-82D7-0E1D8C63CBFD}.Release|x64.ActiveCfg = Release|Any CPU
		{883D0E83-876B-437C-82D7-0E1D8C63CBFD}.Release|x64.Build.0 = Release|Any CPU
		{883D0E83-876B-437C-82D7-0E1D8C63CBFD}.Release|x86.ActiveCfg = Release|Any CPU
		{883D0E83-876B-437C-82D7-0E1D8C63CBFD}.Release|x86.Build.0 = Release|Any CPU
	EndGlobalSection
	GlobalSection(SolutionProperties) = preSolution
		HideSolutionNode = FALSE
	EndGlobalSection
	GlobalSection(ExtensibilityGlobals) = postSolution
		SolutionGuid = {5E9C13F8-071D-412E-A1D7-3BAAAD19C0FB}
	EndGlobalSection
EndGlobal
